
Microsoft Visual Studio Solution File, Format Version 12.00
# Visual Studio 2013
VisualStudioVersion = 12.0.21005.1
MinimumVisualStudioVersion = 10.0.40219.1
Project("{FAE04EC0-301F-11D3-BF4B-00C04F79EFBC}") = "ThucTapNhom1", "ThucTapNhom1\ThucTapNhom1.csproj", "{5E3A63C4-2812-4466-932C-CF64A6096BE2}"
EndProject
Project("{FAE04EC0-301F-11D3-BF4B-00C04F79EFBC}") = "DAL", "DAL\DAL.csproj", "{CA038910-B26E-49D9-82F8-3DA18F0F3002}"
EndProject
Project("{FAE04EC0-301F-11D3-BF4B-00C04F79EFBC}") = "BLL", "BLL\BLL.csproj", "{1B369D3C-1E68-4861-AB56-D623CC109CA9}"
EndProject
Global
	GlobalSection(SolutionConfigurationPlatforms) = preSolution
		CD_ROM|Any CPU = CD_ROM|Any CPU
		Debug|Any CPU = Debug|Any CPU
		DVD-5|Any CPU = DVD-5|Any CPU
		Release|Any CPU = Release|Any CPU
		SingleImage|Any CPU = SingleImage|Any CPU
	EndGlobalSection
	GlobalSection(ProjectConfigurationPlatforms) = postSolution
		{5E3A63C4-2812-4466-932C-CF64A6096BE2}.CD_ROM|Any CPU.ActiveCfg = Release|Any CPU
		{5E3A63C4-2812-4466-932C-CF64A6096BE2}.CD_ROM|Any CPU.Build.0 = Release|Any CPU
		{5E3A63C4-2812-4466-932C-CF64A6096BE2}.Debug|Any CPU.ActiveCfg = Debug|Any CPU
		{5E3A63C4-2812-4466-932C-CF64A6096BE2}.Debug|Any CPU.Build.0 = Debug|Any CPU
		{5E3A63C4-2812-4466-932C-CF64A6096BE2}.DVD-5|Any CPU.ActiveCfg = Debug|Any CPU
		{5E3A63C4-2812-4466-932C-CF64A6096BE2}.DVD-5|Any CPU.Build.0 = Debug|Any CPU
		{5E3A63C4-2812-4466-932C-CF64A6096BE2}.Release|Any CPU.ActiveCfg = Release|Any CPU
		{5E3A63C4-2812-4466-932C-CF64A6096BE2}.Release|Any CPU.Build.0 = Release|Any CPU
		{5E3A63C4-2812-4466-932C-CF64A6096BE2}.SingleImage|Any CPU.ActiveCfg = Release|Any CPU
		{5E3A63C4-2812-4466-932C-CF64A6096BE2}.SingleImage|Any CPU.Build.0 = Release|Any CPU
		{CA038910-B26E-49D9-82F8-3DA18F0F3002}.CD_ROM|Any CPU.ActiveCfg = Release|Any CPU
		{CA038910-B26E-49D9-82F8-3DA18F0F3002}.CD_ROM|Any CPU.Build.0 = Release|Any CPU
		{CA038910-B26E-49D9-82F8-3DA18F0F3002}.Debug|Any CPU.ActiveCfg = Debug|Any CPU
		{CA038910-B26E-49D9-82F8-3DA18F0F3002}.Debug|Any CPU.Build.0 = Debug|Any CPU
		{CA038910-B26E-49D9-82F8-3DA18F0F3002}.DVD-5|Any CPU.ActiveCfg = Debug|Any CPU
		{CA038910-B26E-49D9-82F8-3DA18F0F3002}.DVD-5|Any CPU.Build.0 = Debug|Any CPU
		{CA038910-B26E-49D9-82F8-3DA18F0F3002}.Release|Any CPU.ActiveCfg = Release|Any CPU
		{CA038910-B26E-49D9-82F8-3DA18F0F3002}.Release|Any CPU.Build.0 = Release|Any CPU
		{CA038910-B26E-49D9-82F8-3DA18F0F3002}.SingleImage|Any CPU.ActiveCfg = Release|Any CPU
		{CA038910-B26E-49D9-82F8-3DA18F0F3002}.SingleImage|Any CPU.Build.0 = Release|Any CPU
		{1B369D3C-1E68-4861-AB56-D623CC109CA9}.CD_ROM|Any CPU.ActiveCfg = Release|Any CPU
		{1B369D3C-1E68-4861-AB56-D623CC109CA9}.CD_ROM|Any CPU.Build.0 = Release|Any CPU
		{1B369D3C-1E68-4861-AB56-D623CC109CA9}.Debug|Any CPU.ActiveCfg = Debug|Any CPU
		{1B369D3C-1E68-4861-AB56-D623CC109CA9}.Debug|Any CPU.Build.0 = Debug|Any CPU
		{1B369D3C-1E68-4861-AB56-D623CC109CA9}.DVD-5|Any CPU.ActiveCfg = Debug|Any CPU
		{1B369D3C-1E68-4861-AB56-D623CC109CA9}.DVD-5|Any CPU.Build.0 = Debug|Any CPU
		{1B369D3C-1E68-4861-AB56-D623CC109CA9}.Release|Any CPU.ActiveCfg = Release|Any CPU
		{1B369D3C-1E68-4861-AB56-D623CC109CA9}.Release|Any CPU.Build.0 = Release|Any CPU
		{1B369D3C-1E68-4861-AB56-D623CC109CA9}.SingleImage|Any CPU.ActiveCfg = Release|Any CPU
		{1B369D3C-1E68-4861-AB56-D623CC109CA9}.SingleImage|Any CPU.Build.0 = Release|Any CPU
	EndGlobalSection
	GlobalSection(SolutionProperties) = preSolution
		HideSolutionNode = FALSE
	EndGlobalSection
EndGlobal
